
Microsoft Visual Studio Solution File, Format Version 12.00
# Visual Studio Version 17
VisualStudioVersion = 17.8.34511.84
MinimumVisualStudioVersion = 10.0.40219.1
Project("{FAE04EC0-301F-11D3-BF4B-00C04F79EFBC}") = "MyWeather.Android", "MyWeather.Android\MyWeather.Android.csproj", "{F42BA9D7-381C-4196-A526-B50FFD81CAE1}"
EndProject
Project("{FAE04EC0-301F-11D3-BF4B-00C04F79EFBC}") = "MyWeather.iOS", "MyWeather.iOS\MyWeather.iOS.csproj", "{E5615CDA-F646-4C8D-A2E1-90D0C3CDB3F5}"
EndProject
Project("{FAE04EC0-301F-11D3-BF4B-00C04F79EFBC}") = "MyWeather", "MyWeather\MyWeather.csproj", "{41BDEA94-674B-40C1-97CC-5ED4F7A48C91}"
EndProject
Global
	GlobalSection(SolutionConfigurationPlatforms) = preSolution
		Debug|Any CPU = Debug|Any CPU
		Debug|iPhone = Debug|iPhone
		Debug|iPhoneSimulator = Debug|iPhoneSimulator
		Release|Any CPU = Release|Any CPU
		Release|iPhone = Release|iPhone
		Release|iPhoneSimulator = Release|iPhoneSimulator
	EndGlobalSection
	GlobalSection(ProjectConfigurationPlatforms) = postSolution
		{F42BA9D7-381C-4196-A526-B50FFD81CAE1}.Debug|Any CPU.ActiveCfg = Debug|Any CPU
		{F42BA9D7-381C-4196-A526-B50FFD81CAE1}.Debug|Any CPU.Build.0 = Debug|Any CPU
		{F42BA9D7-381C-4196-A526-B50FFD81CAE1}.Debug|Any CPU.Deploy.0 = Debug|Any CPU
		{F42BA9D7-381C-4196-A526-B50FFD81CAE1}.Debug|iPhone.ActiveCfg = Debug|Any CPU
		{F42BA9D7-381C-4196-A526-B50FFD81CAE1}.Debug|iPhone.Build.0 = Debug|Any CPU
		{F42BA9D7-381C-4196-A526-B50FFD81CAE1}.Debug|iPhone.Deploy.0 = Debug|Any CPU
		{F42BA9D7-381C-4196-A526-B50FFD81CAE1}.Debug|iPhoneSimulator.ActiveCfg = Debug|Any CPU
		{F42BA9D7-381C-4196-A526-B50FFD81CAE1}.Debug|iPhoneSimulator.Build.0 = Debug|Any CPU
		{F42BA9D7-381C-4196-A526-B50FFD81CAE1}.Debug|iPhoneSimulator.Deploy.0 = Debug|Any CPU
		{F42BA9D7-381C-4196-A526-B50FFD81CAE1}.Release|Any CPU.ActiveCfg = Release|Any CPU
		{F42BA9D7-381C-4196-A526-B50FFD81CAE1}.Release|Any CPU.Build.0 = Release|Any CPU
		{F42BA9D7-381C-4196-A526-B50FFD81CAE1}.Release|Any CPU.Deploy.0 = Release|Any CPU
		{F42BA9D7-381C-4196-A526-B50FFD81CAE1}.Release|iPhone.ActiveCfg = Release|Any CPU
		{F42BA9D7-381C-4196-A526-B50FFD81CAE1}.Release|iPhone.Build.0 = Release|Any CPU
		{F42BA9D7-381C-4196-A526-B50FFD81CAE1}.Release|iPhone.Deploy.0 = Release|Any CPU
		{F42BA9D7-381C-4196-A526-B50FFD81CAE1}.Release|iPhoneSimulator.ActiveCfg = Release|Any CPU
		{F42BA9D7-381C-4196-A526-B50FFD81CAE1}.Release|iPhoneSimulator.Build.0 = Release|Any CPU
		{F42BA9D7-381C-4196-A526-B50FFD81CAE1}.Release|iPhoneSimulator.Deploy.0 = Release|Any CPU
		{E5615CDA-F646-4C8D-A2E1-90D0C3CDB3F5}.Debug|Any CPU.ActiveCfg = Debug|iPhone
		{E5615CDA-F646-4C8D-A2E1-90D0C3CDB3F5}.Debug|Any CPU.Build.0 = Debug|iPhone
		{E5615CDA-F646-4C8D-A2E1-90D0C3CDB3F5}.Debug|Any CPU.Deploy.0 = Debug|iPhone
		{E5615CDA-F646-4C8D-A2E1-90D0C3CDB3F5}.Debug|iPhone.ActiveCfg = Debug|iPhone
		{E5615CDA-F646-4C8D-A2E1-90D0C3CDB3F5}.Debug|iPhone.Build.0 = Debug|iPhone
		{E5615CDA-F646-4C8D-A2E1-90D0C3CDB3F5}.Debug|iPhone.Deploy.0 = Debug|iPhone
		{E5615CDA-F646-4C8D-A2E1-90D0C3CDB3F5}.Debug|iPhoneSimulator.ActiveCfg = Debug|iPhoneSimulator
		{E5615CDA-F646-4C8D-A2E1-90D0C3CDB3F5}.Debug|iPhoneSimulator.Build.0 = Debug|iPhoneSimulator
		{E5615CDA-F646-4C8D-A2E1-90D0C3CDB3F5}.Debug|iPhoneSimulator.Deploy.0 = Debug|iPhoneSimulator
		{E5615CDA-F646-4C8D-A2E1-90D0C3CDB3F5}.Release|Any CPU.ActiveCfg = Release|iPhoneSimulator
		{E5615CDA-F646-4C8D-A2E1-90D0C3CDB3F5}.Release|Any CPU.Build.0 = Release|iPhoneSimulator
		{E5615CDA-F646-4C8D-A2E1-90D0C3CDB3F5}.Release|Any CPU.Deploy.0 = Release|iPhoneSimulator
		{E5615CDA-F646-4C8D-A2E1-90D0C3CDB3F5}.Release|iPhone.ActiveCfg = Release|iPhone
		{E5615CDA-F646-4C8D-A2E1-90D0C3CDB3F5}.Release|iPhone.Build.0 = Release|iPhone
		{E5615CDA-F646-4C8D-A2E1-90D0C3CDB3F5}.Release|iPhone.Deploy.0 = Release|iPhone
		{E5615CDA-F646-4C8D-A2E1-90D0C3CDB3F5}.Release|iPhoneSimulator.ActiveCfg = Release|iPhoneSimulator
		{E5615CDA-F646-4C8D-A2E1-90D0C3CDB3F5}.Release|iPhoneSimulator.Build.0 = Release|iPhoneSimulator
		{E5615CDA-F646-4C8D-A2E1-90D0C3CDB3F5}.Release|iPhoneSimulator.Deploy.0 = Release|iPhoneSimulator
		{41BDEA94-674B-40C1-97CC-5ED4F7A48C91}.Debug|Any CPU.ActiveCfg = Debug|Any CPU
		{41BDEA94-674B-40C1-97CC-5ED4F7A48C91}.Debug|Any CPU.Build.0 = Debug|Any CPU
		{41BDEA94-674B-40C1-97CC-5ED4F7A48C91}.Debug|Any CPU.Deploy.0 = Debug|Any CPU
		{41BDEA94-674B-40C1-97CC-5ED4F7A48C91}.Debug|iPhone.ActiveCfg = Debug|Any CPU
		{41BDEA94-674B-40C1-97CC-5ED4F7A48C91}.Debug|iPhone.Build.0 = Debug|Any CPU
		{41BDEA94-674B-40C1-97CC-5ED4F7A48C91}.Debug|iPhone.Deploy.0 = Debug|Any CPU
		{41BDEA94-674B-40C1-97CC-5ED4F7A48C91}.Debug|iPhoneSimulator.ActiveCfg = Debug|Any CPU
		{41BDEA94-674B-40C1-97CC-5ED4F7A48C91}.Debug|iPhoneSimulator.Build.0 = Debug|Any CPU
		{41BDEA94-674B-40C1-97CC-5ED4F7A48C91}.Debug|iPhoneSimulator.Deploy.0 = Debug|Any CPU
		{41BDEA94-674B-40C1-97CC-5ED4F7A48C91}.Release|Any CPU.ActiveCfg = Release|Any CPU
		{41BDEA94-674B-40C1-97CC-5ED4F7A48C91}.Release|Any CPU.Build.0 = Release|Any CPU
		{41BDEA94-674B-40C1-97CC-5ED4F7A48C91}.Release|Any CPU.Deploy.0 = Release|Any CPU
		{41BDEA94-674B-40C1-97CC-5ED4F7A48C91}.Release|iPhone.ActiveCfg = Release|Any CPU
		{41BDEA94-674B-40C1-97CC-5ED4F7A48C91}.Release|iPhone.Build.0 = Release|Any CPU
		{41BDEA94-674B-40C1-97CC-5ED4F7A48C91}.Release|iPhone.Deploy.0 = Release|Any CPU
		{41BDEA94-674B-40C1-97CC-5ED4F7A48C91}.Release|iPhoneSimulator.ActiveCfg = Release|Any CPU
		{41BDEA94-674B-40C1-97CC-5ED4F7A48C91}.Release|iPhoneSimulator.Build.0 = Release|Any CPU
		{41BDEA94-674B-40C1-97CC-5ED4F7A48C91}.Release|iPhoneSimulator.Deploy.0 = Release|Any CPU
	EndGlobalSection
	GlobalSection(SolutionProperties) = preSolution
		HideSolutionNode = FALSE
	EndGlobalSection
	GlobalSection(ExtensibilityGlobals) = postSolution
		SolutionGuid = {501476D4-538E-4D06-952C-BE2AFB6526D9}
	EndGlobalSection
EndGlobal
